// !$*UTF8*$!
{
	archiveVersion = 1;
	classes = {
	};
	objectVersion = 50;
	objects = {

/* Begin PBXBuildFile section */
		230C5162223FAAC50027845F /* Player.swift in Sources */ = {isa = PBXBuildFile; fileRef = 230C5161223FAAC50027845F /* Player.swift */; };
		230C5179223FC46E0027845F /* SlotAction.swift in Sources */ = {isa = PBXBuildFile; fileRef = 230C5168223FC46E0027845F /* SlotAction.swift */; };
		230C517A223FC46E0027845F /* BufferCondition.swift in Sources */ = {isa = PBXBuildFile; fileRef = 230C5169223FC46E0027845F /* BufferCondition.swift */; };
		230C517B223FC46E0027845F /* Model.swift in Sources */ = {isa = PBXBuildFile; fileRef = 230C516A223FC46E0027845F /* Model.swift */; };
		230C517C223FC46E0027845F /* Procedural.swift in Sources */ = {isa = PBXBuildFile; fileRef = 230C516B223FC46E0027845F /* Procedural.swift */; };
		230C517D223FC46E0027845F /* Instantiation.swift in Sources */ = {isa = PBXBuildFile; fileRef = 230C516C223FC46E0027845F /* Instantiation.swift */; };
		230C517E223FC46E0027845F /* Temporal.swift in Sources */ = {isa = PBXBuildFile; fileRef = 230C516D223FC46E0027845F /* Temporal.swift */; };
		230C517F223FC46E0027845F /* Vision.swift in Sources */ = {isa = PBXBuildFile; fileRef = 230C516E223FC46E0027845F /* Vision.swift */; };
		230C5180223FC46E0027845F /* Tokenizer.swift in Sources */ = {isa = PBXBuildFile; fileRef = 230C516F223FC46E0027845F /* Tokenizer.swift */; };
		230C5181223FC46E0027845F /* SlotCondition.swift in Sources */ = {isa = PBXBuildFile; fileRef = 230C5170223FC46E0027845F /* SlotCondition.swift */; };
		230C5182223FC46E0027845F /* BufferAction.swift in Sources */ = {isa = PBXBuildFile; fileRef = 230C5171223FC46E0027845F /* BufferAction.swift */; };
		230C5183223FC46E0027845F /* FocusRing.swift in Sources */ = {isa = PBXBuildFile; fileRef = 230C5172223FC46E0027845F /* FocusRing.swift */; };
		230C5184223FC46E0027845F /* Support.swift in Sources */ = {isa = PBXBuildFile; fileRef = 230C5173223FC46E0027845F /* Support.swift */; };
		230C5185223FC46E0027845F /* Parser.swift in Sources */ = {isa = PBXBuildFile; fileRef = 230C5174223FC46E0027845F /* Parser.swift */; };
		230C5186223FC46E0027845F /* Declarative.swift in Sources */ = {isa = PBXBuildFile; fileRef = 230C5175223FC46E0027845F /* Declarative.swift */; };
		230C5187223FC46E0027845F /* Chunk.swift in Sources */ = {isa = PBXBuildFile; fileRef = 230C5176223FC46E0027845F /* Chunk.swift */; };
		230C5188223FC46E0027845F /* Production.swift in Sources */ = {isa = PBXBuildFile; fileRef = 230C5177223FC46E0027845F /* Production.swift */; };
		230C5189223FC46E0027845F /* ACTRWindowView.swift in Sources */ = {isa = PBXBuildFile; fileRef = 230C5178223FC46E0027845F /* ACTRWindowView.swift */; };
		23D30CD6221ADE1300982D18 /* AppDelegate.swift in Sources */ = {isa = PBXBuildFile; fileRef = 23D30CD5221ADE1300982D18 /* AppDelegate.swift */; };
		23D30CD8221ADE1300982D18 /* ViewController.swift in Sources */ = {isa = PBXBuildFile; fileRef = 23D30CD7221ADE1300982D18 /* ViewController.swift */; };
		23D30CDB221ADE1300982D18 /* Main.storyboard in Resources */ = {isa = PBXBuildFile; fileRef = 23D30CD9221ADE1300982D18 /* Main.storyboard */; };
		23D30CDD221ADE1400982D18 /* Assets.xcassets in Resources */ = {isa = PBXBuildFile; fileRef = 23D30CDC221ADE1400982D18 /* Assets.xcassets */; };
		23D30CE0221ADE1400982D18 /* StartScreen.storyboard in Resources */ = {isa = PBXBuildFile; fileRef = 23D30CDE221ADE1400982D18 /* StartScreen.storyboard */; };
		23D30CEB221ADE1400982D18 /* BeverBendeTests.swift in Sources */ = {isa = PBXBuildFile; fileRef = 23D30CEA221ADE1400982D18 /* BeverBendeTests.swift */; };
		23D30CF6221ADE1400982D18 /* BeverBendeUITests.swift in Sources */ = {isa = PBXBuildFile; fileRef = 23D30CF5221ADE1400982D18 /* BeverBendeUITests.swift */; };
		23D30D07221ADEDC00982D18 /* Deck.swift in Sources */ = {isa = PBXBuildFile; fileRef = 23D30D06221ADEDC00982D18 /* Deck.swift */; };
		23D30D0B221ADF8500982D18 /* Card.swift in Sources */ = {isa = PBXBuildFile; fileRef = 23D30D0A221ADF8500982D18 /* Card.swift */; };
		23D30D0D221ADFA400982D18 /* Game.swift in Sources */ = {isa = PBXBuildFile; fileRef = 23D30D0C221ADFA400982D18 /* Game.swift */; };
		C61F6853224235EF00EFFD8E /* beverbende.actr in Resources */ = {isa = PBXBuildFile; fileRef = C61F6852224235EF00EFFD8E /* beverbende.actr */; };
		C64035572226B17A00A4FE48 /* LaunchScreen.storyboard in Resources */ = {isa = PBXBuildFile; fileRef = C64035562226B17A00A4FE48 /* LaunchScreen.storyboard */; };
		C6B6CAB122269D9B00724A90 /* StartViewController.swift in Sources */ = {isa = PBXBuildFile; fileRef = C6B6CAB022269D9B00724A90 /* StartViewController.swift */; };
/* End PBXBuildFile section */

/* Begin PBXContainerItemProxy section */
		23D30CE7221ADE1400982D18 /* PBXContainerItemProxy */ = {
			isa = PBXContainerItemProxy;
			containerPortal = 23D30CCA221ADE1300982D18 /* Project object */;
			proxyType = 1;
			remoteGlobalIDString = 23D30CD1221ADE1300982D18;
			remoteInfo = BeverBende;
		};
		23D30CF2221ADE1400982D18 /* PBXContainerItemProxy */ = {
			isa = PBXContainerItemProxy;
			containerPortal = 23D30CCA221ADE1300982D18 /* Project object */;
			proxyType = 1;
			remoteGlobalIDString = 23D30CD1221ADE1300982D18;
			remoteInfo = BeverBende;
		};
/* End PBXContainerItemProxy section */

/* Begin PBXFileReference section */
		230C5161223FAAC50027845F /* Player.swift */ = {isa = PBXFileReference; lastKnownFileType = sourcecode.swift; path = Player.swift; sourceTree = "<group>"; };
		230C5168223FC46E0027845F /* SlotAction.swift */ = {isa = PBXFileReference; fileEncoding = 4; lastKnownFileType = sourcecode.swift; path = SlotAction.swift; sourceTree = "<group>"; };
		230C5169223FC46E0027845F /* BufferCondition.swift */ = {isa = PBXFileReference; fileEncoding = 4; lastKnownFileType = sourcecode.swift; path = BufferCondition.swift; sourceTree = "<group>"; };
		230C516A223FC46E0027845F /* Model.swift */ = {isa = PBXFileReference; fileEncoding = 4; lastKnownFileType = sourcecode.swift; path = Model.swift; sourceTree = "<group>"; };
		230C516B223FC46E0027845F /* Procedural.swift */ = {isa = PBXFileReference; fileEncoding = 4; lastKnownFileType = sourcecode.swift; path = Procedural.swift; sourceTree = "<group>"; };
		230C516C223FC46E0027845F /* Instantiation.swift */ = {isa = PBXFileReference; fileEncoding = 4; lastKnownFileType = sourcecode.swift; path = Instantiation.swift; sourceTree = "<group>"; };
		230C516D223FC46E0027845F /* Temporal.swift */ = {isa = PBXFileReference; fileEncoding = 4; lastKnownFileType = sourcecode.swift; path = Temporal.swift; sourceTree = "<group>"; };
		230C516E223FC46E0027845F /* Vision.swift */ = {isa = PBXFileReference; fileEncoding = 4; lastKnownFileType = sourcecode.swift; path = Vision.swift; sourceTree = "<group>"; };
		230C516F223FC46E0027845F /* Tokenizer.swift */ = {isa = PBXFileReference; fileEncoding = 4; lastKnownFileType = sourcecode.swift; path = Tokenizer.swift; sourceTree = "<group>"; };
		230C5170223FC46E0027845F /* SlotCondition.swift */ = {isa = PBXFileReference; fileEncoding = 4; lastKnownFileType = sourcecode.swift; path = SlotCondition.swift; sourceTree = "<group>"; };
		230C5171223FC46E0027845F /* BufferAction.swift */ = {isa = PBXFileReference; fileEncoding = 4; lastKnownFileType = sourcecode.swift; path = BufferAction.swift; sourceTree = "<group>"; };
		230C5172223FC46E0027845F /* FocusRing.swift */ = {isa = PBXFileReference; fileEncoding = 4; lastKnownFileType = sourcecode.swift; path = FocusRing.swift; sourceTree = "<group>"; };
		230C5173223FC46E0027845F /* Support.swift */ = {isa = PBXFileReference; fileEncoding = 4; lastKnownFileType = sourcecode.swift; path = Support.swift; sourceTree = "<group>"; };
		230C5174223FC46E0027845F /* Parser.swift */ = {isa = PBXFileReference; fileEncoding = 4; lastKnownFileType = sourcecode.swift; path = Parser.swift; sourceTree = "<group>"; };
		230C5175223FC46E0027845F /* Declarative.swift */ = {isa = PBXFileReference; fileEncoding = 4; lastKnownFileType = sourcecode.swift; path = Declarative.swift; sourceTree = "<group>"; };
		230C5176223FC46E0027845F /* Chunk.swift */ = {isa = PBXFileReference; fileEncoding = 4; lastKnownFileType = sourcecode.swift; path = Chunk.swift; sourceTree = "<group>"; };
		230C5177223FC46E0027845F /* Production.swift */ = {isa = PBXFileReference; fileEncoding = 4; lastKnownFileType = sourcecode.swift; path = Production.swift; sourceTree = "<group>"; };
		230C5178223FC46E0027845F /* ACTRWindowView.swift */ = {isa = PBXFileReference; fileEncoding = 4; lastKnownFileType = sourcecode.swift; path = ACTRWindowView.swift; sourceTree = "<group>"; };
		23D30CD2221ADE1300982D18 /* BeverBende.app */ = {isa = PBXFileReference; explicitFileType = wrapper.application; includeInIndex = 0; path = BeverBende.app; sourceTree = BUILT_PRODUCTS_DIR; };
		23D30CD5221ADE1300982D18 /* AppDelegate.swift */ = {isa = PBXFileReference; lastKnownFileType = sourcecode.swift; path = AppDelegate.swift; sourceTree = "<group>"; };
		23D30CD7221ADE1300982D18 /* ViewController.swift */ = {isa = PBXFileReference; lastKnownFileType = sourcecode.swift; path = ViewController.swift; sourceTree = "<group>"; };
		23D30CDA221ADE1300982D18 /* Base */ = {isa = PBXFileReference; lastKnownFileType = file.storyboard; name = Base; path = Base.lproj/Main.storyboard; sourceTree = "<group>"; };
		23D30CDC221ADE1400982D18 /* Assets.xcassets */ = {isa = PBXFileReference; lastKnownFileType = folder.assetcatalog; path = Assets.xcassets; sourceTree = "<group>"; };
		23D30CDF221ADE1400982D18 /* Base */ = {isa = PBXFileReference; lastKnownFileType = file.storyboard; name = Base; path = Base.lproj/StartScreen.storyboard; sourceTree = "<group>"; };
		23D30CE1221ADE1400982D18 /* Info.plist */ = {isa = PBXFileReference; lastKnownFileType = text.plist.xml; path = Info.plist; sourceTree = "<group>"; };
		23D30CE6221ADE1400982D18 /* BeverBendeTests.xctest */ = {isa = PBXFileReference; explicitFileType = wrapper.cfbundle; includeInIndex = 0; path = BeverBendeTests.xctest; sourceTree = BUILT_PRODUCTS_DIR; };
		23D30CEA221ADE1400982D18 /* BeverBendeTests.swift */ = {isa = PBXFileReference; lastKnownFileType = sourcecode.swift; path = BeverBendeTests.swift; sourceTree = "<group>"; };
		23D30CEC221ADE1400982D18 /* Info.plist */ = {isa = PBXFileReference; lastKnownFileType = text.plist.xml; path = Info.plist; sourceTree = "<group>"; };
		23D30CF1221ADE1400982D18 /* BeverBendeUITests.xctest */ = {isa = PBXFileReference; explicitFileType = wrapper.cfbundle; includeInIndex = 0; path = BeverBendeUITests.xctest; sourceTree = BUILT_PRODUCTS_DIR; };
		23D30CF5221ADE1400982D18 /* BeverBendeUITests.swift */ = {isa = PBXFileReference; lastKnownFileType = sourcecode.swift; path = BeverBendeUITests.swift; sourceTree = "<group>"; };
		23D30CF7221ADE1400982D18 /* Info.plist */ = {isa = PBXFileReference; lastKnownFileType = text.plist.xml; path = Info.plist; sourceTree = "<group>"; };
		23D30D06221ADEDC00982D18 /* Deck.swift */ = {isa = PBXFileReference; lastKnownFileType = sourcecode.swift; path = Deck.swift; sourceTree = "<group>"; };
		23D30D0A221ADF8500982D18 /* Card.swift */ = {isa = PBXFileReference; fileEncoding = 4; lastKnownFileType = sourcecode.swift; path = Card.swift; sourceTree = "<group>"; };
		23D30D0C221ADFA400982D18 /* Game.swift */ = {isa = PBXFileReference; fileEncoding = 4; lastKnownFileType = sourcecode.swift; path = Game.swift; sourceTree = "<group>"; };
		C61F6852224235EF00EFFD8E /* beverbende.actr */ = {isa = PBXFileReference; fileEncoding = 4; lastKnownFileType = text; name = beverbende.actr; path = ../../../../../Downloads/beverbende.actr; sourceTree = "<group>"; };
		C64035562226B17A00A4FE48 /* LaunchScreen.storyboard */ = {isa = PBXFileReference; lastKnownFileType = file.storyboard; path = LaunchScreen.storyboard; sourceTree = "<group>"; };
		C6B6CAB022269D9B00724A90 /* StartViewController.swift */ = {isa = PBXFileReference; lastKnownFileType = sourcecode.swift; path = StartViewController.swift; sourceTree = "<group>"; };
/* End PBXFileReference section */

/* Begin PBXFrameworksBuildPhase section */
		23D30CCF221ADE1300982D18 /* Frameworks */ = {
			isa = PBXFrameworksBuildPhase;
			buildActionMask = 2147483647;
			files = (
			);
			runOnlyForDeploymentPostprocessing = 0;
		};
		23D30CE3221ADE1400982D18 /* Frameworks */ = {
			isa = PBXFrameworksBuildPhase;
			buildActionMask = 2147483647;
			files = (
			);
			runOnlyForDeploymentPostprocessing = 0;
		};
		23D30CEE221ADE1400982D18 /* Frameworks */ = {
			isa = PBXFrameworksBuildPhase;
			buildActionMask = 2147483647;
			files = (
			);
			runOnlyForDeploymentPostprocessing = 0;
		};
/* End PBXFrameworksBuildPhase section */

/* Begin PBXGroup section */
		230C5167223FC46E0027845F /* Core ACT-R */ = {
			isa = PBXGroup;
			children = (
				230C5168223FC46E0027845F /* SlotAction.swift */,
				230C5169223FC46E0027845F /* BufferCondition.swift */,
				230C516A223FC46E0027845F /* Model.swift */,
				230C516B223FC46E0027845F /* Procedural.swift */,
				230C516C223FC46E0027845F /* Instantiation.swift */,
				230C516D223FC46E0027845F /* Temporal.swift */,
				230C516E223FC46E0027845F /* Vision.swift */,
				230C516F223FC46E0027845F /* Tokenizer.swift */,
				230C5170223FC46E0027845F /* SlotCondition.swift */,
				230C5171223FC46E0027845F /* BufferAction.swift */,
				230C5172223FC46E0027845F /* FocusRing.swift */,
				230C5173223FC46E0027845F /* Support.swift */,
				230C5174223FC46E0027845F /* Parser.swift */,
				230C5175223FC46E0027845F /* Declarative.swift */,
				230C5176223FC46E0027845F /* Chunk.swift */,
				230C5177223FC46E0027845F /* Production.swift */,
				230C5178223FC46E0027845F /* ACTRWindowView.swift */,
			);
			path = "Core ACT-R";
			sourceTree = "<group>";
		};
		230C518A223FC9A90027845F /* Models */ = {
			isa = PBXGroup;
			children = (
				C61F6852224235EF00EFFD8E /* beverbende.actr */,
			);
			path = Models;
			sourceTree = "<group>";
		};
		23D30CC9221ADE1300982D18 = {
			isa = PBXGroup;
			children = (
				23D30CD4221ADE1300982D18 /* BeverBende */,
				23D30CE9221ADE1400982D18 /* BeverBendeTests */,
				23D30CF4221ADE1400982D18 /* BeverBendeUITests */,
				23D30CD3221ADE1300982D18 /* Products */,
			);
			sourceTree = "<group>";
		};
		23D30CD3221ADE1300982D18 /* Products */ = {
			isa = PBXGroup;
			children = (
				23D30CD2221ADE1300982D18 /* BeverBende.app */,
				23D30CE6221ADE1400982D18 /* BeverBendeTests.xctest */,
				23D30CF1221ADE1400982D18 /* BeverBendeUITests.xctest */,
			);
			name = Products;
			sourceTree = "<group>";
		};
		23D30CD4221ADE1300982D18 /* BeverBende */ = {
			isa = PBXGroup;
			children = (
				230C518A223FC9A90027845F /* Models */,
				230C5167223FC46E0027845F /* Core ACT-R */,
				23D30CE1221ADE1400982D18 /* Info.plist */,
				23D30D03221ADE5100982D18 /* Extra */,
				23D30CD5221ADE1300982D18 /* AppDelegate.swift */,
				23D30CDE221ADE1400982D18 /* StartScreen.storyboard */,
				C6B6CAB022269D9B00724A90 /* StartViewController.swift */,
				23D30CD7221ADE1300982D18 /* ViewController.swift */,
				23D30CD9221ADE1300982D18 /* Main.storyboard */,
				23D30D06221ADEDC00982D18 /* Deck.swift */,
				23D30D0A221ADF8500982D18 /* Card.swift */,
				23D30D0C221ADFA400982D18 /* Game.swift */,
				230C5161223FAAC50027845F /* Player.swift */,
			);
			path = BeverBende;
			sourceTree = "<group>";
		};
		23D30CE9221ADE1400982D18 /* BeverBendeTests */ = {
			isa = PBXGroup;
			children = (
				23D30CEA221ADE1400982D18 /* BeverBendeTests.swift */,
				23D30CEC221ADE1400982D18 /* Info.plist */,
			);
			path = BeverBendeTests;
			sourceTree = "<group>";
		};
		23D30CF4221ADE1400982D18 /* BeverBendeUITests */ = {
			isa = PBXGroup;
			children = (
				23D30CF5221ADE1400982D18 /* BeverBendeUITests.swift */,
				23D30CF7221ADE1400982D18 /* Info.plist */,
			);
			path = BeverBendeUITests;
			sourceTree = "<group>";
		};
		23D30D03221ADE5100982D18 /* Extra */ = {
			isa = PBXGroup;
			children = (
				23D30CDC221ADE1400982D18 /* Assets.xcassets */,
				C64035562226B17A00A4FE48 /* LaunchScreen.storyboard */,
			);
			path = Extra;
			sourceTree = "<group>";
		};
/* End PBXGroup section */

/* Begin PBXNativeTarget section */
		23D30CD1221ADE1300982D18 /* BeverBende */ = {
			isa = PBXNativeTarget;
			buildConfigurationList = 23D30CFA221ADE1400982D18 /* Build configuration list for PBXNativeTarget "BeverBende" */;
			buildPhases = (
				23D30CCE221ADE1300982D18 /* Sources */,
				23D30CCF221ADE1300982D18 /* Frameworks */,
				23D30CD0221ADE1300982D18 /* Resources */,
			);
			buildRules = (
			);
			dependencies = (
			);
			name = BeverBende;
			productName = BeverBende;
			productReference = 23D30CD2221ADE1300982D18 /* BeverBende.app */;
			productType = "com.apple.product-type.application";
		};
		23D30CE5221ADE1400982D18 /* BeverBendeTests */ = {
			isa = PBXNativeTarget;
			buildConfigurationList = 23D30CFD221ADE1400982D18 /* Build configuration list for PBXNativeTarget "BeverBendeTests" */;
			buildPhases = (
				23D30CE2221ADE1400982D18 /* Sources */,
				23D30CE3221ADE1400982D18 /* Frameworks */,
				23D30CE4221ADE1400982D18 /* Resources */,
			);
			buildRules = (
			);
			dependencies = (
				23D30CE8221ADE1400982D18 /* PBXTargetDependency */,
			);
			name = BeverBendeTests;
			productName = BeverBendeTests;
			productReference = 23D30CE6221ADE1400982D18 /* BeverBendeTests.xctest */;
			productType = "com.apple.product-type.bundle.unit-test";
		};
		23D30CF0221ADE1400982D18 /* BeverBendeUITests */ = {
			isa = PBXNativeTarget;
			buildConfigurationList = 23D30D00221ADE1400982D18 /* Build configuration list for PBXNativeTarget "BeverBendeUITests" */;
			buildPhases = (
				23D30CED221ADE1400982D18 /* Sources */,
				23D30CEE221ADE1400982D18 /* Frameworks */,
				23D30CEF221ADE1400982D18 /* Resources */,
			);
			buildRules = (
			);
			dependencies = (
				23D30CF3221ADE1400982D18 /* PBXTargetDependency */,
			);
			name = BeverBendeUITests;
			productName = BeverBendeUITests;
			productReference = 23D30CF1221ADE1400982D18 /* BeverBendeUITests.xctest */;
			productType = "com.apple.product-type.bundle.ui-testing";
		};
/* End PBXNativeTarget section */

/* Begin PBXProject section */
		23D30CCA221ADE1300982D18 /* Project object */ = {
			isa = PBXProject;
			attributes = {
				KnownAssetTags = (
					0,
					1,
					2,
					3,
				);
				LastSwiftUpdateCheck = 1010;
				LastUpgradeCheck = 1010;
				ORGANIZATIONNAME = Rug;
				TargetAttributes = {
					23D30CD1221ADE1300982D18 = {
						CreatedOnToolsVersion = 10.1;
					};
					23D30CE5221ADE1400982D18 = {
						CreatedOnToolsVersion = 10.1;
						TestTargetID = 23D30CD1221ADE1300982D18;
					};
					23D30CF0221ADE1400982D18 = {
						CreatedOnToolsVersion = 10.1;
						TestTargetID = 23D30CD1221ADE1300982D18;
					};
				};
			};
			buildConfigurationList = 23D30CCD221ADE1300982D18 /* Build configuration list for PBXProject "BeverBende" */;
			compatibilityVersion = "Xcode 9.3";
			developmentRegion = en;
			hasScannedForEncodings = 0;
			knownRegions = (
				en,
				Base,
			);
			mainGroup = 23D30CC9221ADE1300982D18;
			productRefGroup = 23D30CD3221ADE1300982D18 /* Products */;
			projectDirPath = "";
			projectRoot = "";
			targets = (
				23D30CD1221ADE1300982D18 /* BeverBende */,
				23D30CE5221ADE1400982D18 /* BeverBendeTests */,
				23D30CF0221ADE1400982D18 /* BeverBendeUITests */,
			);
		};
/* End PBXProject section */

/* Begin PBXResourcesBuildPhase section */
		23D30CD0221ADE1300982D18 /* Resources */ = {
			isa = PBXResourcesBuildPhase;
			buildActionMask = 2147483647;
			files = (
				23D30CE0221ADE1400982D18 /* StartScreen.storyboard in Resources */,
				C64035572226B17A00A4FE48 /* LaunchScreen.storyboard in Resources */,
				C61F6853224235EF00EFFD8E /* beverbende.actr in Resources */,
				23D30CDD221ADE1400982D18 /* Assets.xcassets in Resources */,
				23D30CDB221ADE1300982D18 /* Main.storyboard in Resources */,
			);
			runOnlyForDeploymentPostprocessing = 0;
		};
		23D30CE4221ADE1400982D18 /* Resources */ = {
			isa = PBXResourcesBuildPhase;
			buildActionMask = 2147483647;
			files = (
			);
			runOnlyForDeploymentPostprocessing = 0;
		};
		23D30CEF221ADE1400982D18 /* Resources */ = {
			isa = PBXResourcesBuildPhase;
			buildActionMask = 2147483647;
			files = (
			);
			runOnlyForDeploymentPostprocessing = 0;
		};
/* End PBXResourcesBuildPhase section */

/* Begin PBXSourcesBuildPhase section */
		23D30CCE221ADE1300982D18 /* Sources */ = {
			isa = PBXSourcesBuildPhase;
			buildActionMask = 2147483647;
			files = (
				23D30D07221ADEDC00982D18 /* Deck.swift in Sources */,
				230C5180223FC46E0027845F /* Tokenizer.swift in Sources */,
				230C517F223FC46E0027845F /* Vision.swift in Sources */,
				23D30D0D221ADFA400982D18 /* Game.swift in Sources */,
				230C5184223FC46E0027845F /* Support.swift in Sources */,
				23D30CD8221ADE1300982D18 /* ViewController.swift in Sources */,
				230C5179223FC46E0027845F /* SlotAction.swift in Sources */,
				230C5187223FC46E0027845F /* Chunk.swift in Sources */,
				23D30CD6221ADE1300982D18 /* AppDelegate.swift in Sources */,
				230C5181223FC46E0027845F /* SlotCondition.swift in Sources */,
				230C517B223FC46E0027845F /* Model.swift in Sources */,
				230C5162223FAAC50027845F /* Player.swift in Sources */,
				230C5183223FC46E0027845F /* FocusRing.swift in Sources */,
				230C5185223FC46E0027845F /* Parser.swift in Sources */,
				230C517D223FC46E0027845F /* Instantiation.swift in Sources */,
				230C5186223FC46E0027845F /* Declarative.swift in Sources */,
				23D30D0B221ADF8500982D18 /* Card.swift in Sources */,
				230C5188223FC46E0027845F /* Production.swift in Sources */,
				230C517C223FC46E0027845F /* Procedural.swift in Sources */,
				C6B6CAB122269D9B00724A90 /* StartViewController.swift in Sources */,
				230C5189223FC46E0027845F /* ACTRWindowView.swift in Sources */,
				230C517A223FC46E0027845F /* BufferCondition.swift in Sources */,
				230C517E223FC46E0027845F /* Temporal.swift in Sources */,
				230C5182223FC46E0027845F /* BufferAction.swift in Sources */,
			);
			runOnlyForDeploymentPostprocessing = 0;
		};
		23D30CE2221ADE1400982D18 /* Sources */ = {
			isa = PBXSourcesBuildPhase;
			buildActionMask = 2147483647;
			files = (
				23D30CEB221ADE1400982D18 /* BeverBendeTests.swift in Sources */,
			);
			runOnlyForDeploymentPostprocessing = 0;
		};
		23D30CED221ADE1400982D18 /* Sources */ = {
			isa = PBXSourcesBuildPhase;
			buildActionMask = 2147483647;
			files = (
				23D30CF6221ADE1400982D18 /* BeverBendeUITests.swift in Sources */,
			);
			runOnlyForDeploymentPostprocessing = 0;
		};
/* End PBXSourcesBuildPhase section */

/* Begin PBXTargetDependency section */
		23D30CE8221ADE1400982D18 /* PBXTargetDependency */ = {
			isa = PBXTargetDependency;
			target = 23D30CD1221ADE1300982D18 /* BeverBende */;
			targetProxy = 23D30CE7221ADE1400982D18 /* PBXContainerItemProxy */;
		};
		23D30CF3221ADE1400982D18 /* PBXTargetDependency */ = {
			isa = PBXTargetDependency;
			target = 23D30CD1221ADE1300982D18 /* BeverBende */;
			targetProxy = 23D30CF2221ADE1400982D18 /* PBXContainerItemProxy */;
		};
/* End PBXTargetDependency section */

/* Begin PBXVariantGroup section */
		23D30CD9221ADE1300982D18 /* Main.storyboard */ = {
			isa = PBXVariantGroup;
			children = (
				23D30CDA221ADE1300982D18 /* Base */,
			);
			name = Main.storyboard;
			sourceTree = "<group>";
		};
		23D30CDE221ADE1400982D18 /* StartScreen.storyboard */ = {
			isa = PBXVariantGroup;
			children = (
				23D30CDF221ADE1400982D18 /* Base */,
			);
			name = StartScreen.storyboard;
			sourceTree = "<group>";
		};
/* End PBXVariantGroup section */

/* Begin XCBuildConfiguration section */
		23D30CF8221ADE1400982D18 /* Debug */ = {
			isa = XCBuildConfiguration;
			buildSettings = {
				ALWAYS_SEARCH_USER_PATHS = NO;
				CLANG_ANALYZER_NONNULL = YES;
				CLANG_ANALYZER_NUMBER_OBJECT_CONVERSION = YES_AGGRESSIVE;
				CLANG_CXX_LANGUAGE_STANDARD = "gnu++14";
				CLANG_CXX_LIBRARY = "libc++";
				CLANG_ENABLE_MODULES = YES;
				CLANG_ENABLE_OBJC_ARC = YES;
				CLANG_ENABLE_OBJC_WEAK = YES;
				CLANG_WARN_BLOCK_CAPTURE_AUTORELEASING = YES;
				CLANG_WARN_BOOL_CONVERSION = YES;
				CLANG_WARN_COMMA = YES;
				CLANG_WARN_CONSTANT_CONVERSION = YES;
				CLANG_WARN_DEPRECATED_OBJC_IMPLEMENTATIONS = YES;
				CLANG_WARN_DIRECT_OBJC_ISA_USAGE = YES_ERROR;
				CLANG_WARN_DOCUMENTATION_COMMENTS = YES;
				CLANG_WARN_EMPTY_BODY = YES;
				CLANG_WARN_ENUM_CONVERSION = YES;
				CLANG_WARN_INFINITE_RECURSION = YES;
				CLANG_WARN_INT_CONVERSION = YES;
				CLANG_WARN_NON_LITERAL_NULL_CONVERSION = YES;
				CLANG_WARN_OBJC_IMPLICIT_RETAIN_SELF = YES;
				CLANG_WARN_OBJC_LITERAL_CONVERSION = YES;
				CLANG_WARN_OBJC_ROOT_CLASS = YES_ERROR;
				CLANG_WARN_RANGE_LOOP_ANALYSIS = YES;
				CLANG_WARN_STRICT_PROTOTYPES = YES;
				CLANG_WARN_SUSPICIOUS_MOVE = YES;
				CLANG_WARN_UNGUARDED_AVAILABILITY = YES_AGGRESSIVE;
				CLANG_WARN_UNREACHABLE_CODE = YES;
				CLANG_WARN__DUPLICATE_METHOD_MATCH = YES;
				CODE_SIGN_IDENTITY = "iPhone Developer";
				COPY_PHASE_STRIP = NO;
				DEBUG_INFORMATION_FORMAT = dwarf;
				ENABLE_STRICT_OBJC_MSGSEND = YES;
				ENABLE_TESTABILITY = YES;
				GCC_C_LANGUAGE_STANDARD = gnu11;
				GCC_DYNAMIC_NO_PIC = NO;
				GCC_NO_COMMON_BLOCKS = YES;
				GCC_OPTIMIZATION_LEVEL = 0;
				GCC_PREPROCESSOR_DEFINITIONS = (
					"DEBUG=1",
					"$(inherited)",
				);
				GCC_WARN_64_TO_32_BIT_CONVERSION = YES;
				GCC_WARN_ABOUT_RETURN_TYPE = YES_ERROR;
				GCC_WARN_UNDECLARED_SELECTOR = YES;
				GCC_WARN_UNINITIALIZED_AUTOS = YES_AGGRESSIVE;
				GCC_WARN_UNUSED_FUNCTION = YES;
				GCC_WARN_UNUSED_VARIABLE = YES;
				IPHONEOS_DEPLOYMENT_TARGET = 12.1;
				MTL_ENABLE_DEBUG_INFO = INCLUDE_SOURCE;
				MTL_FAST_MATH = YES;
				ONLY_ACTIVE_ARCH = YES;
				SDKROOT = iphoneos;
				SWIFT_ACTIVE_COMPILATION_CONDITIONS = DEBUG;
				SWIFT_OPTIMIZATION_LEVEL = "-Onone";
			};
			name = Debug;
		};
		23D30CF9221ADE1400982D18 /* Release */ = {
			isa = XCBuildConfiguration;
			buildSettings = {
				ALWAYS_SEARCH_USER_PATHS = NO;
				CLANG_ANALYZER_NONNULL = YES;
				CLANG_ANALYZER_NUMBER_OBJECT_CONVERSION = YES_AGGRESSIVE;
				CLANG_CXX_LANGUAGE_STANDARD = "gnu++14";
				CLANG_CXX_LIBRARY = "libc++";
				CLANG_ENABLE_MODULES = YES;
				CLANG_ENABLE_OBJC_ARC = YES;
				CLANG_ENABLE_OBJC_WEAK = YES;
				CLANG_WARN_BLOCK_CAPTURE_AUTORELEASING = YES;
				CLANG_WARN_BOOL_CONVERSION = YES;
				CLANG_WARN_COMMA = YES;
				CLANG_WARN_CONSTANT_CONVERSION = YES;
				CLANG_WARN_DEPRECATED_OBJC_IMPLEMENTATIONS = YES;
				CLANG_WARN_DIRECT_OBJC_ISA_USAGE = YES_ERROR;
				CLANG_WARN_DOCUMENTATION_COMMENTS = YES;
				CLANG_WARN_EMPTY_BODY = YES;
				CLANG_WARN_ENUM_CONVERSION = YES;
				CLANG_WARN_INFINITE_RECURSION = YES;
				CLANG_WARN_INT_CONVERSION = YES;
				CLANG_WARN_NON_LITERAL_NULL_CONVERSION = YES;
				CLANG_WARN_OBJC_IMPLICIT_RETAIN_SELF = YES;
				CLANG_WARN_OBJC_LITERAL_CONVERSION = YES;
				CLANG_WARN_OBJC_ROOT_CLASS = YES_ERROR;
				CLANG_WARN_RANGE_LOOP_ANALYSIS = YES;
				CLANG_WARN_STRICT_PROTOTYPES = YES;
				CLANG_WARN_SUSPICIOUS_MOVE = YES;
				CLANG_WARN_UNGUARDED_AVAILABILITY = YES_AGGRESSIVE;
				CLANG_WARN_UNREACHABLE_CODE = YES;
				CLANG_WARN__DUPLICATE_METHOD_MATCH = YES;
				CODE_SIGN_IDENTITY = "iPhone Developer";
				COPY_PHASE_STRIP = NO;
				DEBUG_INFORMATION_FORMAT = "dwarf-with-dsym";
				ENABLE_NS_ASSERTIONS = NO;
				ENABLE_STRICT_OBJC_MSGSEND = YES;
				GCC_C_LANGUAGE_STANDARD = gnu11;
				GCC_NO_COMMON_BLOCKS = YES;
				GCC_WARN_64_TO_32_BIT_CONVERSION = YES;
				GCC_WARN_ABOUT_RETURN_TYPE = YES_ERROR;
				GCC_WARN_UNDECLARED_SELECTOR = YES;
				GCC_WARN_UNINITIALIZED_AUTOS = YES_AGGRESSIVE;
				GCC_WARN_UNUSED_FUNCTION = YES;
				GCC_WARN_UNUSED_VARIABLE = YES;
				IPHONEOS_DEPLOYMENT_TARGET = 12.1;
				MTL_ENABLE_DEBUG_INFO = NO;
				MTL_FAST_MATH = YES;
				SDKROOT = iphoneos;
				SWIFT_COMPILATION_MODE = wholemodule;
				SWIFT_OPTIMIZATION_LEVEL = "-O";
				VALIDATE_PRODUCT = YES;
			};
			name = Release;
		};
		23D30CFB221ADE1400982D18 /* Debug */ = {
			isa = XCBuildConfiguration;
			buildSettings = {
				ASSETCATALOG_COMPILER_APPICON_NAME = AppIcon;
				CODE_SIGN_STYLE = Automatic;
				INFOPLIST_FILE = BeverBende/Info.plist;
				LD_RUNPATH_SEARCH_PATHS = (
					"$(inherited)",
					"@executable_path/Frameworks",
				);
				PRODUCT_BUNDLE_IDENTIFIER = "nooit-win-ik-met.BeverBende";
				PRODUCT_NAME = "$(TARGET_NAME)";
				SWIFT_VERSION = 4.2;
				TARGETED_DEVICE_FAMILY = 2;
			};
			name = Debug;
		};
		23D30CFC221ADE1400982D18 /* Release */ = {
			isa = XCBuildConfiguration;
			buildSettings = {
				ASSETCATALOG_COMPILER_APPICON_NAME = AppIcon;
				CODE_SIGN_STYLE = Automatic;
				INFOPLIST_FILE = BeverBende/Info.plist;
				LD_RUNPATH_SEARCH_PATHS = (
					"$(inherited)",
					"@executable_path/Frameworks",
				);
				PRODUCT_BUNDLE_IDENTIFIER = "nooit-win-ik-met.BeverBende";
				PRODUCT_NAME = "$(TARGET_NAME)";
				SWIFT_VERSION = 4.2;
				TARGETED_DEVICE_FAMILY = 2;
			};
			name = Release;
		};
		23D30CFE221ADE1400982D18 /* Debug */ = {
			isa = XCBuildConfiguration;
			buildSettings = {
				ALWAYS_EMBED_SWIFT_STANDARD_LIBRARIES = YES;
				BUNDLE_LOADER = "$(TEST_HOST)";
				CODE_SIGN_STYLE = Automatic;
				INFOPLIST_FILE = BeverBendeTests/Info.plist;
				LD_RUNPATH_SEARCH_PATHS = (
					"$(inherited)",
					"@executable_path/Frameworks",
					"@loader_path/Frameworks",
				);
				PRODUCT_BUNDLE_IDENTIFIER = "nooit-win-ik-met.BeverBendeTests";
				PRODUCT_NAME = "$(TARGET_NAME)";
				SWIFT_VERSION = 4.2;
				TARGETED_DEVICE_FAMILY = "1,2";
				TEST_HOST = "$(BUILT_PRODUCTS_DIR)/BeverBende.app/BeverBende";
			};
			name = Debug;
		};
		23D30CFF221ADE1400982D18 /* Release */ = {
			isa = XCBuildConfiguration;
			buildSettings = {
				ALWAYS_EMBED_SWIFT_STANDARD_LIBRARIES = YES;
				BUNDLE_LOADER = "$(TEST_HOST)";
				CODE_SIGN_STYLE = Automatic;
				INFOPLIST_FILE = BeverBendeTests/Info.plist;
				LD_RUNPATH_SEARCH_PATHS = (
					"$(inherited)",
					"@executable_path/Frameworks",
					"@loader_path/Frameworks",
				);
				PRODUCT_BUNDLE_IDENTIFIER = "nooit-win-ik-met.BeverBendeTests";
				PRODUCT_NAME = "$(TARGET_NAME)";
				SWIFT_VERSION = 4.2;
				TARGETED_DEVICE_FAMILY = "1,2";
				TEST_HOST = "$(BUILT_PRODUCTS_DIR)/BeverBende.app/BeverBende";
			};
			name = Release;
		};
		23D30D01221ADE1400982D18 /* Debug */ = {
			isa = XCBuildConfiguration;
			buildSettings = {
				ALWAYS_EMBED_SWIFT_STANDARD_LIBRARIES = YES;
				CODE_SIGN_STYLE = Automatic;
				INFOPLIST_FILE = BeverBendeUITests/Info.plist;
				LD_RUNPATH_SEARCH_PATHS = (
					"$(inherited)",
					"@executable_path/Frameworks",
					"@loader_path/Frameworks",
				);
				PRODUCT_BUNDLE_IDENTIFIER = "nooit-win-ik-met.BeverBendeUITests";
				PRODUCT_NAME = "$(TARGET_NAME)";
				SWIFT_VERSION = 4.2;
				TARGETED_DEVICE_FAMILY = "1,2";
				TEST_TARGET_NAME = BeverBende;
			};
			name = Debug;
		};
		23D30D02221ADE1400982D18 /* Release */ = {
			isa = XCBuildConfiguration;
			buildSettings = {
				ALWAYS_EMBED_SWIFT_STANDARD_LIBRARIES = YES;
				CODE_SIGN_STYLE = Automatic;
				INFOPLIST_FILE = BeverBendeUITests/Info.plist;
				LD_RUNPATH_SEARCH_PATHS = (
					"$(inherited)",
					"@executable_path/Frameworks",
					"@loader_path/Frameworks",
				);
				PRODUCT_BUNDLE_IDENTIFIER = "nooit-win-ik-met.BeverBendeUITests";
				PRODUCT_NAME = "$(TARGET_NAME)";
				SWIFT_VERSION = 4.2;
				TARGETED_DEVICE_FAMILY = "1,2";
				TEST_TARGET_NAME = BeverBende;
			};
			name = Release;
		};
/* End XCBuildConfiguration section */

/* Begin XCConfigurationList section */
		23D30CCD221ADE1300982D18 /* Build configuration list for PBXProject "BeverBende" */ = {
			isa = XCConfigurationList;
			buildConfigurations = (
				23D30CF8221ADE1400982D18 /* Debug */,
				23D30CF9221ADE1400982D18 /* Release */,
			);
			defaultConfigurationIsVisible = 0;
			defaultConfigurationName = Release;
		};
		23D30CFA221ADE1400982D18 /* Build configuration list for PBXNativeTarget "BeverBende" */ = {
			isa = XCConfigurationList;
			buildConfigurations = (
				23D30CFB221ADE1400982D18 /* Debug */,
				23D30CFC221ADE1400982D18 /* Release */,
			);
			defaultConfigurationIsVisible = 0;
			defaultConfigurationName = Release;
		};
		23D30CFD221ADE1400982D18 /* Build configuration list for PBXNativeTarget "BeverBendeTests" */ = {
			isa = XCConfigurationList;
			buildConfigurations = (
				23D30CFE221ADE1400982D18 /* Debug */,
				23D30CFF221ADE1400982D18 /* Release */,
			);
			defaultConfigurationIsVisible = 0;
			defaultConfigurationName = Release;
		};
		23D30D00221ADE1400982D18 /* Build configuration list for PBXNativeTarget "BeverBendeUITests" */ = {
			isa = XCConfigurationList;
			buildConfigurations = (
				23D30D01221ADE1400982D18 /* Debug */,
				23D30D02221ADE1400982D18 /* Release */,
			);
			defaultConfigurationIsVisible = 0;
			defaultConfigurationName = Release;
		};
/* End XCConfigurationList section */
	};
	rootObject = 23D30CCA221ADE1300982D18 /* Project object */;
}
